{
  "name": "xyks-helper",
  "version": "1.0.0",
  "lockfileVersion": 3,
  "requires": true,
  "packages": {
    "": {
      "name": "xyks-helper",
      "version": "1.0.0",
      "license": "ISC",
      "dependencies": {
        "@meadowsjared/robotjs": "^0.6.26",
        "node-screenshots": "^0.2.1",
        "tesseract.js": "^5.1.1"
      }
    },
    "node_modules/@meadowsjared/robotjs": {
      "version": "0.6.26",
      "resolved": "https://registry.npmmirror.com/@meadowsjared/robotjs/-/robotjs-0.6.26.tgz",
      "integrity": "sha512-RFUlnz1AHEzekzqjGnE7BAHGIDDUFKvkX7IDfFXc1aGWPJJLkBaGmjmmOkj4qjW5/mBn5q8CRieCQyp9nc76iw==",
      "hasInstallScript": true,
      "license": "MIT",
      "dependencies": {
        "node-addon-api": "^8.1.0",
        "node-gyp-build": "^4.8.1"
      }
    },
    "node_modules/bmp-js": {
      "version": "0.1.0",
      "resolved": "https://registry.npmmirror.com/bmp-js/-/bmp-js-0.1.0.tgz",
      "integrity": "sha512-vHdS19CnY3hwiNdkaqk93DvjVLfbEcI8mys4UjuWrlX1haDmroo8o4xCzh4wD6DGV6HxRCyauwhHRqMTfERtjw==",
      "license": "MIT"
    },
    "node_modules/idb-keyval": {
      "version": "6.2.1",
      "resolved": "https://registry.npmmirror.com/idb-keyval/-/idb-keyval-6.2.1.tgz",
      "integrity": "sha512-8Sb3veuYCyrZL+VBt9LJfZjLUPWVvqn8tG28VqYNFCo43KHcKuq+b4EiXGeuaLAQWL2YmyDgMp2aSpH9JHsEQg==",
      "license": "Apache-2.0"
    },
    "node_modules/is-electron": {
      "version": "2.2.2",
      "resolved": "https://registry.npmmirror.com/is-electron/-/is-electron-2.2.2.tgz",
      "integrity": "sha512-FO/Rhvz5tuw4MCWkpMzHFKWD2LsfHzIb7i6MdPYZ/KW7AlxawyLkqdy+jPZP1WubqEADE3O4FUENlJHDfQASRg==",
      "license": "MIT"
    },
    "node_modules/is-url": {
      "version": "1.2.4",
      "resolved": "https://registry.npmmirror.com/is-url/-/is-url-1.2.4.tgz",
      "integrity": "sha512-ITvGim8FhRiYe4IQ5uHSkj7pVaPDrCTkNd3yq3cV7iZAcJdHTUMPMEHcqSOy9xZ9qFenQCvi+2wjH9a1nXqHww==",
      "license": "MIT"
    },
    "node_modules/node-addon-api": {
      "version": "8.2.1",
      "resolved": "https://registry.npmmirror.com/node-addon-api/-/node-addon-api-8.2.1.tgz",
      "integrity": "sha512-vmEOvxwiH8tlOcv4SyE8RH34rI5/nWVaigUeAUPawC6f0+HoDthwI0vkMu4tbtsZrXq6QXFfrkhjofzKEs5tpA==",
      "license": "MIT",
      "engines": {
        "node": "^18 || ^20 || >= 21"
      }
    },
    "node_modules/node-fetch": {
      "version": "2.7.0",
      "resolved": "https://registry.npmmirror.com/node-fetch/-/node-fetch-2.7.0.tgz",
      "integrity": "sha512-c4FRfUm/dbcWZ7U+1Wq0AwCyFL+3nt2bEw05wfxSz+DWpWsitgmSgYmy2dQdWyKC1694ELPqMs/YzUSNozLt8A==",
      "license": "MIT",
      "dependencies": {
        "whatwg-url": "^5.0.0"
      },
      "engines": {
        "node": "4.x || >=6.0.0"
      },
      "peerDependencies": {
        "encoding": "^0.1.0"
      },
      "peerDependenciesMeta": {
        "encoding": {
          "optional": true
        }
      }
    },
    "node_modules/node-gyp-build": {
      "version": "4.8.2",
      "resolved": "https://registry.npmmirror.com/node-gyp-build/-/node-gyp-build-4.8.2.tgz",
      "integrity": "sha512-IRUxE4BVsHWXkV/SFOut4qTlagw2aM8T5/vnTsmrHJvVoKueJHRc/JaFND7QDDc61kLYUJ6qlZM3sqTSyx2dTw==",
      "license": "MIT",
      "bin": {
        "node-gyp-build": "bin.js",
        "node-gyp-build-optional": "optional.js",
        "node-gyp-build-test": "build-test.js"
      }
    },
    "node_modules/node-screenshots": {
      "version": "0.2.1",
      "resolved": "https://registry.npmmirror.com/node-screenshots/-/node-screenshots-0.2.1.tgz",
      "integrity": "sha512-1UY7VY/34uE6Giq/Winl0J7022KKwWt9T9Gu5ZBCxhXkWrv9q5pTVQRgZCcUIsIHq3zu8UFu5s8rqgauK2CnLA==",
      "license": "Apache-2.0",
      "engines": {
        "node": ">= 10"
      },
      "optionalDependencies": {
        "node-screenshots-darwin-arm64": "0.2.1",
        "node-screenshots-darwin-universal": "0.2.1",
        "node-screenshots-darwin-x64": "0.2.1",
        "node-screenshots-linux-x64-gnu": "0.2.1",
        "node-screenshots-linux-x64-musl": "0.2.1",
        "node-screenshots-win32-arm64-msvc": "0.2.1",
        "node-screenshots-win32-ia32-msvc": "0.2.1",
        "node-screenshots-win32-x64-msvc": "0.2.1"
      }
    },
    "node_modules/node-screenshots-darwin-arm64": {
      "version": "0.2.1",
      "resolved": "https://registry.npmmirror.com/node-screenshots-darwin-arm64/-/node-screenshots-darwin-arm64-0.2.1.tgz",
      "integrity": "sha512-mcNcdn5zABYNVXIb1vq58mItFlpr03T8VJetD892qy+hqNAQdZd/vvplw+ZIlb4tuH7sR1gia67WRsBRO5nrQA==",
      "cpu": [
        "arm64"
      ],
      "license": "Apache-2.0",
      "optional": true,
      "os": [
        "darwin"
      ],
      "engines": {
        "node": ">= 10"
      }
    },
    "node_modules/node-screenshots-darwin-universal": {
      "version": "0.2.1",
      "resolved": "https://registry.npmmirror.com/node-screenshots-darwin-universal/-/node-screenshots-darwin-universal-0.2.1.tgz",
      "integrity": "sha512-cNqBasCyMU/P87Ej3hK/vedAk86DrVkpoxd2zz5qLA3h850Ew9qb/7g0MTYsRatbZFoLhw7MgFwAZkiNh4Mr9g==",
      "license": "Apache-2.0",
      "optional": true,
      "os": [
        "darwin"
      ],
      "engines": {
        "node": ">= 10"
      }
    },
    "node_modules/node-screenshots-darwin-x64": {
      "version": "0.2.1",
      "resolved": "https://registry.npmmirror.com/node-screenshots-darwin-x64/-/node-screenshots-darwin-x64-0.2.1.tgz",
      "integrity": "sha512-8TOou5WwytgGV+IuV1vnnYaGzwfYgIw6XkOoZtt4qhSmTEW0K8EGa46Uq42/W5qQPxKt3GLqjlY3wL69eZWIyA==",
      "cpu": [
        "x64"
      ],
      "license": "Apache-2.0",
      "optional": true,
      "os": [
        "darwin"
      ],
      "engines": {
        "node": ">= 10"
      }
    },
    "node_modules/node-screenshots-linux-x64-gnu": {
      "version": "0.2.1",
      "resolved": "https://registry.npmmirror.com/node-screenshots-linux-x64-gnu/-/node-screenshots-linux-x64-gnu-0.2.1.tgz",
      "integrity": "sha512-P2h511my2JytMSAW8+uvO+lGj1BwapERWbC6i56u5WbLIy/zgT1SQwNvcZNbPE8sxb1q8pqF3MerLcftnW0f+w==",
      "cpu": [
        "x64"
      ],
      "license": "Apache-2.0",
      "optional": true,
      "os": [
        "linux"
      ],
      "engines": {
        "node": ">= 10"
      }
    },
    "node_modules/node-screenshots-linux-x64-musl": {
      "version": "0.2.1",
      "resolved": "https://registry.npmmirror.com/node-screenshots-linux-x64-musl/-/node-screenshots-linux-x64-musl-0.2.1.tgz",
      "integrity": "sha512-+B37/VYzH86ywWyF9XkYYicyf/BTan4TADsmxPlK+a/UHHZEnp1YjEM66sBIQTIVhVhv1DC6YUv9AppBpoV9AA==",
      "cpu": [
        "x64"
      ],
      "license": "Apache-2.0",
      "optional": true,
      "os": [
        "linux"
      ],
      "engines": {
        "node": ">= 10"
      }
    },
    "node_modules/node-screenshots-win32-arm64-msvc": {
      "version": "0.2.1",
      "resolved": "https://registry.npmmirror.com/node-screenshots-win32-arm64-msvc/-/node-screenshots-win32-arm64-msvc-0.2.1.tgz",
      "integrity": "sha512-+sj1FAF4qufcWO1KdmCOhPRMELfWu7hRv2qvr8e3jLPLM0/XGU8UTWWej9qAhf3UY83LaAsvxMhzai9JLIis1w==",
      "cpu": [
        "arm64"
      ],
      "license": "Apache-2.0",
      "optional": true,
      "os": [
        "win32"
      ],
      "engines": {
        "node": ">= 10"
      }
    },
    "node_modules/node-screenshots-win32-ia32-msvc": {
      "version": "0.2.1",
      "resolved": "https://registry.npmmirror.com/node-screenshots-win32-ia32-msvc/-/node-screenshots-win32-ia32-msvc-0.2.1.tgz",
      "integrity": "sha512-8fzmFqbotHAzwIARG9fI8eD+Vw2g98Bl7aKlhu57nCjCXNrdl4Ck+b3uvMjdQD+v7rKC/sT+NZK973y4YgRoMA==",
      "cpu": [
        "ia32"
      ],
      "license": "Apache-2.0",
      "optional": true,
      "os": [
        "win32"
      ],
      "engines": {
        "node": ">= 10"
      }
    },
    "node_modules/node-screenshots-win32-x64-msvc": {
      "version": "0.2.1",
      "resolved": "https://registry.npmmirror.com/node-screenshots-win32-x64-msvc/-/node-screenshots-win32-x64-msvc-0.2.1.tgz",
      "integrity": "sha512-dfxAck3LR9eTYpc/hVtomQYxpP/80p4+vP9k1whDBCClTzRlHvgx1U9b6c5bYpe8JZFtCZsJL75S5p0kQJk7Dg==",
      "cpu": [
        "x64"
      ],
      "license": "Apache-2.0",
      "optional": true,
      "os": [
        "win32"
      ],
      "engines": {
        "node": ">= 10"
      }
    },
    "node_modules/opencollective-postinstall": {
      "version": "2.0.3",
      "resolved": "https://registry.npmmirror.com/opencollective-postinstall/-/opencollective-postinstall-2.0.3.tgz",
      "integrity": "sha512-8AV/sCtuzUeTo8gQK5qDZzARrulB3egtLzFgteqB2tcT4Mw7B8Kt7JcDHmltjz6FOAHsvTevk70gZEbhM4ZS9Q==",
      "license": "MIT",
      "bin": {
        "opencollective-postinstall": "index.js"
      }
    },
    "node_modules/regenerator-runtime": {
      "version": "0.13.11",
      "resolved": "https://registry.npmmirror.com/regenerator-runtime/-/regenerator-runtime-0.13.11.tgz",
      "integrity": "sha512-kY1AZVr2Ra+t+piVaJ4gxaFaReZVH40AKNo7UCX6W+dEwBo/2oZJzqfuN1qLq1oL45o56cPaTXELwrTh8Fpggg==",
      "license": "MIT"
    },
    "node_modules/tesseract.js": {
      "version": "5.1.1",
      "resolved": "https://registry.npmmirror.com/tesseract.js/-/tesseract.js-5.1.1.tgz",
      "integrity": "sha512-lzVl/Ar3P3zhpUT31NjqeCo1f+D5+YfpZ5J62eo2S14QNVOmHBTtbchHm/YAbOOOzCegFnKf4B3Qih9LuldcYQ==",
      "hasInstallScript": true,
      "license": "Apache-2.0",
      "dependencies": {
        "bmp-js": "^0.1.0",
        "idb-keyval": "^6.2.0",
        "is-electron": "^2.2.2",
        "is-url": "^1.2.4",
        "node-fetch": "^2.6.9",
        "opencollective-postinstall": "^2.0.3",
        "regenerator-runtime": "^0.13.3",
        "tesseract.js-core": "^5.1.1",
        "wasm-feature-detect": "^1.2.11",
        "zlibjs": "^0.3.1"
      }
    },
    "node_modules/tesseract.js-core": {
      "version": "5.1.1",
      "resolved": "https://registry.npmmirror.com/tesseract.js-core/-/tesseract.js-core-5.1.1.tgz",
      "integrity": "sha512-KX3bYSU5iGcO1XJa+QGPbi+Zjo2qq6eBhNjSGR5E5q0JtzkoipJKOUQD7ph8kFyteCEfEQ0maWLu8MCXtvX5uQ==",
      "license": "Apache-2.0"
    },
    "node_modules/tr46": {
      "version": "0.0.3",
      "resolved": "https://registry.npmmirror.com/tr46/-/tr46-0.0.3.tgz",
      "integrity": "sha512-N3WMsuqV66lT30CrXNbEjx4GEwlow3v6rr4mCcv6prnfwhS01rkgyFdjPNBYd9br7LpXV1+Emh01fHnq2Gdgrw==",
      "license": "MIT"
    },
    "node_modules/wasm-feature-detect": {
      "version": "1.8.0",
      "resolved": "https://registry.npmmirror.com/wasm-feature-detect/-/wasm-feature-detect-1.8.0.tgz",
      "integrity": "sha512-zksaLKM2fVlnB5jQQDqKXXwYHLQUVH9es+5TOOHwGOVJOCeRBCiPjwSg+3tN2AdTCzjgli4jijCH290kXb/zWQ==",
      "license": "Apache-2.0"
    },
    "node_modules/webidl-conversions": {
      "version": "3.0.1",
      "resolved": "https://registry.npmmirror.com/webidl-conversions/-/webidl-conversions-3.0.1.tgz",
      "integrity": "sha512-2JAn3z8AR6rjK8Sm8orRC0h/bcl/DqL7tRPdGZ4I1CjdF+EaMLmYxBHyXuKL849eucPFhvBoxMsflfOb8kxaeQ==",
      "license": "BSD-2-Clause"
    },
    "node_modules/whatwg-url": {
      "version": "5.0.0",
      "resolved": "https://registry.npmmirror.com/whatwg-url/-/whatwg-url-5.0.0.tgz",
      "integrity": "sha512-saE57nupxk6v3HY35+jzBwYa0rKSy0XR8JSxZPwgLr7ys0IBzhGviA1/TUGJLmSVqs8pb9AnvICXEuOHLprYTw==",
      "license": "MIT",
      "dependencies": {
        "tr46": "~0.0.3",
        "webidl-conversions": "^3.0.0"
      }
    },
    "node_modules/zlibjs": {
      "version": "0.3.1",
      "resolved": "https://registry.npmmirror.com/zlibjs/-/zlibjs-0.3.1.tgz",
      "integrity": "sha512-+J9RrgTKOmlxFSDHo0pI1xM6BLVUv+o0ZT9ANtCxGkjIVCCUdx9alUF8Gm+dGLKbkkkidWIHFDZHDMpfITt4+w==",
      "license": "MIT",
      "engines": {
        "node": "*"
      }
    }
  }
}
